
Microsoft Visual Studio Solution File, Format Version 12.00
# Visual Studio Version 17
VisualStudioVersion = 17.8.34330.188
MinimumVisualStudioVersion = 10.0.40219.1
Project("{FAE04EC0-301F-11D3-BF4B-00C04F79EFBC}") = "LogFileTool", "LogFileTool\LogFileTool.csproj", "{690EED5B-2A13-415A-BB0A-80E2298C1F27}"
EndProject
Project("{FAE04EC0-301F-11D3-BF4B-00C04F79EFBC}") = "CustomUtil", "CustomUtil\CustomUtil.csproj", "{4F0D57BE-824C-45EF-B381-173A01CF9D25}"
EndProject
Global
	GlobalSection(SolutionConfigurationPlatforms) = preSolution
		Debug|Any CPU = Debug|Any CPU
		Release|Any CPU = Release|Any CPU
	EndGlobalSection
	GlobalSection(ProjectConfigurationPlatforms) = postSolution
		{690EED5B-2A13-415A-BB0A-80E2298C1F27}.Debug|Any CPU.ActiveCfg = Debug|Any CPU
		{690EED5B-2A13-415A-BB0A-80E2298C1F27}.Debug|Any CPU.Build.0 = Debug|Any CPU
		{690EED5B-2A13-415A-BB0A-80E2298C1F27}.Release|Any CPU.ActiveCfg = Release|Any CPU
		{690EED5B-2A13-415A-BB0A-80E2298C1F27}.Release|Any CPU.Build.0 = Release|Any CPU
		{4F0D57BE-824C-45EF-B381-173A01CF9D25}.Debug|Any CPU.ActiveCfg = Debug|Any CPU
		{4F0D57BE-824C-45EF-B381-173A01CF9D25}.Debug|Any CPU.Build.0 = Debug|Any CPU
		{4F0D57BE-824C-45EF-B381-173A01CF9D25}.Release|Any CPU.ActiveCfg = Release|Any CPU
		{4F0D57BE-824C-45EF-B381-173A01CF9D25}.Release|Any CPU.Build.0 = Release|Any CPU
	EndGlobalSection
	GlobalSection(SolutionProperties) = preSolution
		HideSolutionNode = FALSE
	EndGlobalSection
	GlobalSection(ExtensibilityGlobals) = postSolution
		SolutionGuid = {FDBA24BB-C43D-4F72-BB1B-B10B91365503}
	EndGlobalSection
EndGlobal
